# @generated by Move, please check-in and do not edit manually.

[move]
version = 0

dependencies = [
  { name = "MoveStdlib" },
  { name = "Sui" },
]
manifest_digest = "FBFC1F7D1A37170F522E315BA32F320693BE8B76B5C9648B85E5A07B0D3C8D8E"
deps_digest = "3C4103934B1E040BB6B23F1D610B4EF9F2F1166A50A104EADCF77467C004C600"

[[move.package]]
name = "MoveStdlib"
source = { git = "https://github.com/MystenLabs/sui.git", rev = "testnet-v1.23.1", subdir = "crates\\sui-framework\\packages\\move-stdlib" }

[[move.package]]
name = "Sui"
source = { git = "https://github.com/MystenLabs/sui.git", rev = "testnet-v1.23.1", subdir = "crates/sui-framework/packages/sui-framework" }

dependencies = [
  { name = "MoveStdlib" },
]

[move.toolchain-version]
compiler-version = "1.24.1"
edition = "legacy"
flavor = "sui"
