# @generated by Move, please check-in and do not edit manually.

[move]
version = 0

dependencies = [
  { name = "Mole" },
]
manifest_digest = "6F80FDF1BE3BC1C13A6A7380D31FBE83340854AE2443D811630ED3779486B997"
deps_digest = "F8BBB0CCB2491CA29A3DF03D6F92277A4F3574266507ACD77214D37ECA3F3082"

[[move.package]]
name = "Mole"
source = { local = "..\\mole" }

dependencies = [
  { name = "MoleCoin" },
  { name = "MoleFairLaunch" },
  { name = "SwitchboardStdLib" },
]

[[move.package]]
name = "MoleCoin"
source = { local = "..\\mole_coins\\mole_coin" }

dependencies = [
  { name = "Sui" },
]

[[move.package]]
name = "MoleFairLaunch"
source = { local = "..\\mole_coins\\mole_fair_launch" }

dependencies = [
  { name = "MoleCoin" },
]

[[move.package]]
name = "MoveStdlib"
source = { git = "https://github.com/MystenLabs/sui.git", rev = "mainnet-v1.23.1", subdir = "crates\\sui-framework\\packages\\move-stdlib" }

[[move.package]]
name = "Sui"
source = { git = "https://github.com/MystenLabs/sui.git", rev = "mainnet-v1.23.1", subdir = "crates/sui-framework/packages/sui-framework" }

dependencies = [
  { name = "MoveStdlib" },
]

[[move.package]]
name = "SwitchboardStdLib"
source = { local = "..\\ref\\switchboard_std" }

dependencies = [
  { name = "MoveStdlib" },
  { name = "Sui" },
]

[move.toolchain-version]
compiler-version = "1.24.1"
edition = "legacy"
flavor = "sui"
