# @generated by Move, please check-in and do not edit manually.

[move]
version = 0

dependencies = [
  { name = "Mole" },
  { name = "MoleWorker" },
]
manifest_digest = "F72C8C2777A9CDE085EEDD25F6E8A7A48845A78EFB2AC4EF58FB01574D9DBAAB"
deps_digest = "3C4103934B1E040BB6B23F1D610B4EF9F2F1166A50A104EADCF77467C004C600"

[[move.package]]
name = "Mole"
source = { local = "..\\mole" }

dependencies = [
  { name = "MoleCoin" },
  { name = "MoleFairLaunch" },
  { name = "SwitchboardStdLib" },
]

[[move.package]]
name = "MoleCoin"
source = { local = "..\\mole_coins\\mole_coin" }

dependencies = [
  { name = "Sui" },
]

[[move.package]]
name = "MoleFairLaunch"
source = { local = "..\\mole_coins\\mole_fair_launch" }

dependencies = [
  { name = "MoleCoin" },
]

[[move.package]]
name = "MoleWorker"
source = { local = "..\\mole_worker" }

dependencies = [
  { name = "Mole" },
]

[[move.package]]
name = "MoveStdlib"
source = { git = "https://github.com/MystenLabs/sui.git", rev = "mainnet-v1.23.1", subdir = "crates\\sui-framework\\packages\\move-stdlib" }

[[move.package]]
name = "Sui"
source = { git = "https://github.com/MystenLabs/sui.git", rev = "mainnet-v1.23.1", subdir = "crates/sui-framework/packages/sui-framework" }

dependencies = [
  { name = "MoveStdlib" },
]

[[move.package]]
name = "SwitchboardStdLib"
source = { local = "..\\ref\\switchboard_std" }

dependencies = [
  { name = "MoveStdlib" },
  { name = "Sui" },
]

[move.toolchain-version]
compiler-version = "1.24.1"
edition = "legacy"
flavor = "sui"
