# @generated by Move, please check-in and do not edit manually.

[move]
version = 0

dependencies = [
  { name = "MoleCoin" },
  { name = "MoleFairLaunch" },
  { name = "SwitchboardStdLib" },
]
manifest_digest = "F3726EE8BA6EB7DC64E8CAE3F52E13622414DDD27C74390688A858B8C10AE2EF"
deps_digest = "060AD7E57DFB13104F21BE5F5C3759D03F0553FC3229247D9A7A6B45F50D03A3"

[[move.package]]
name = "MoleCoin"
source = { local = "..\\mole_coins\\mole_coin" }

dependencies = [
  { name = "Sui" },
]

[[move.package]]
name = "MoleFairLaunch"
source = { local = "..\\mole_coins\\mole_fair_launch" }

dependencies = [
  { name = "MoleCoin" },
]

[[move.package]]
name = "MoveStdlib"
source = { git = "https://github.com/MystenLabs/sui.git", rev = "testnet-v1.23.1", subdir = "crates\\sui-framework\\packages\\move-stdlib" }

[[move.package]]
name = "Sui"
source = { git = "https://github.com/MystenLabs/sui.git", rev = "testnet-v1.23.1", subdir = "crates/sui-framework/packages/sui-framework" }

dependencies = [
  { name = "MoveStdlib" },
]

[[move.package]]
name = "SwitchboardStdLib"
source = { local = "..\\ref\\switchboard_std" }

dependencies = [
  { name = "MoveStdlib" },
  { name = "Sui" },
]

[move.toolchain-version]
compiler-version = "1.24.1"
edition = "legacy"
flavor = "sui"
